
Microsoft Visual Studio Solution File, Format Version 12.00
# Visual Studio 15
VisualStudioVersion = 15.0.28307.645
MinimumVisualStudioVersion = 10.0.40219.1
Project("{FAE04EC0-301F-11D3-BF4B-00C04F79EFBC}") = "PlacesProject", "PlacesProject\PlacesProject.csproj", "{B7DD7B05-E26B-4539-B3C1-9EBF76C36248}"
EndProject
Global
	GlobalSection(SolutionConfigurationPlatforms) = preSolution
		Debug|Any CPU = Debug|Any CPU
		Release|Any CPU = Release|Any CPU
	EndGlobalSection
	GlobalSection(ProjectConfigurationPlatforms) = postSolution
		{B7DD7B05-E26B-4539-B3C1-9EBF76C36248}.Debug|Any CPU.ActiveCfg = Debug|Any CPU
		{B7DD7B05-E26B-4539-B3C1-9EBF76C36248}.Debug|Any CPU.Build.0 = Debug|Any CPU
		{B7DD7B05-E26B-4539-B3C1-9EBF76C36248}.Debug|Any CPU.Deploy.0 = Debug|Any CPU
		{B7DD7B05-E26B-4539-B3C1-9EBF76C36248}.Release|Any CPU.ActiveCfg = Release|Any CPU
		{B7DD7B05-E26B-4539-B3C1-9EBF76C36248}.Release|Any CPU.Build.0 = Release|Any CPU
		{B7DD7B05-E26B-4539-B3C1-9EBF76C36248}.Release|Any CPU.Deploy.0 = Release|Any CPU
	EndGlobalSection
	GlobalSection(SolutionProperties) = preSolution
		HideSolutionNode = FALSE
	EndGlobalSection
	GlobalSection(ExtensibilityGlobals) = postSolution
		SolutionGuid = {6DAFE503-AEAB-4341-BD46-EA81A307519E}
	EndGlobalSection
EndGlobal
